
Microsoft Visual Studio Solution File, Format Version 11.00
# Visual Studio 2010
Project("{8BC9CEB8-8B4A-11D0-8D11-00A0C91BC942}") = "GraphicsTestProject", "GraphicsTestProject\GraphicsTestProject.vcxproj", "{6883128C-AD5F-48E4-9798-13DABC15B210}"
EndProject
Global
	GlobalSection(SolutionConfigurationPlatforms) = preSolution
		Debug|Win32 = Debug|Win32
		Release|Win32 = Release|Win32
	EndGlobalSection
	GlobalSection(ProjectConfigurationPlatforms) = postSolution
		{6883128C-AD5F-48E4-9798-13DABC15B210}.Debug|Win32.ActiveCfg = Debug|Win32
		{6883128C-AD5F-48E4-9798-13DABC15B210}.Debug|Win32.Build.0 = Debug|Win32
		{6883128C-AD5F-48E4-9798-13DABC15B210}.Release|Win32.ActiveCfg = Release|Win32
		{6883128C-AD5F-48E4-9798-13DABC15B210}.Release|Win32.Build.0 = Release|Win32
	EndGlobalSection
	GlobalSection(SolutionProperties) = preSolution
		HideSolutionNode = FALSE
	EndGlobalSection
EndGlobal
