
Microsoft Visual Studio Solution File, Format Version 11.00
# Visual Studio 2010
Project("{8BC9CEB8-8B4A-11D0-8D11-00A0C91BC942}") = "mainProject", "mainProject\mainProject.vcxproj", "{D15076AF-DB33-4A02-80E2-0EAD4F7434DB}"
EndProject
Global
	GlobalSection(SolutionConfigurationPlatforms) = preSolution
		Debug|Win32 = Debug|Win32
		Release|Win32 = Release|Win32
	EndGlobalSection
	GlobalSection(ProjectConfigurationPlatforms) = postSolution
		{D15076AF-DB33-4A02-80E2-0EAD4F7434DB}.Debug|Win32.ActiveCfg = Debug|Win32
		{D15076AF-DB33-4A02-80E2-0EAD4F7434DB}.Debug|Win32.Build.0 = Debug|Win32
		{D15076AF-DB33-4A02-80E2-0EAD4F7434DB}.Release|Win32.ActiveCfg = Release|Win32
		{D15076AF-DB33-4A02-80E2-0EAD4F7434DB}.Release|Win32.Build.0 = Release|Win32
	EndGlobalSection
	GlobalSection(SolutionProperties) = preSolution
		HideSolutionNode = FALSE
	EndGlobalSection
EndGlobal
